// !$*UTF8*$!
{
	archiveVersion = 1;
	classes = {
	};
	objectVersion = 55;
	objects = {

/* Begin PBXBuildFile section */
		67170F5028EC225F003A8000 /* SectionView.swift in Sources */ = {isa = PBXBuildFile; fileRef = 67170F4F28EC225F003A8000 /* SectionView.swift */; };
		67170F5228EC431C003A8000 /* NetworkManager.swift in Sources */ = {isa = PBXBuildFile; fileRef = 67170F5128EC431C003A8000 /* NetworkManager.swift */; };
		67DDF3EB28EAE96F00E42EC4 /* AppDelegate.swift in Sources */ = {isa = PBXBuildFile; fileRef = 67DDF3EA28EAE96F00E42EC4 /* AppDelegate.swift */; };
		67DDF3ED28EAE96F00E42EC4 /* SceneDelegate.swift in Sources */ = {isa = PBXBuildFile; fileRef = 67DDF3EC28EAE96F00E42EC4 /* SceneDelegate.swift */; };
		67DDF3EF28EAE96F00E42EC4 /* ViewController.swift in Sources */ = {isa = PBXBuildFile; fileRef = 67DDF3EE28EAE96F00E42EC4 /* ViewController.swift */; };
		67DDF3F228EAE96F00E42EC4 /* Main.storyboard in Resources */ = {isa = PBXBuildFile; fileRef = 67DDF3F028EAE96F00E42EC4 /* Main.storyboard */; };
		67DDF3F728EAE97400E42EC4 /* LaunchScreen.storyboard in Resources */ = {isa = PBXBuildFile; fileRef = 67DDF3F528EAE97400E42EC4 /* LaunchScreen.storyboard */; };
		67DDF40428EAEDBC00E42EC4 /* jsonviewer.json in Resources */ = {isa = PBXBuildFile; fileRef = 67DDF40328EAEDBC00E42EC4 /* jsonviewer.json */; };
		67DDF40928EAF66C00E42EC4 /* UIColor+hex.swift in Sources */ = {isa = PBXBuildFile; fileRef = 67DDF40828EAF66C00E42EC4 /* UIColor+hex.swift */; };
		67DDF40B28EB1D2800E42EC4 /* JSONResponse.swift in Sources */ = {isa = PBXBuildFile; fileRef = 67DDF40A28EB1D2800E42EC4 /* JSONResponse.swift */; };
		67DDF40D28EB1E0800E42EC4 /* JSONManager.swift in Sources */ = {isa = PBXBuildFile; fileRef = 67DDF40C28EB1E0800E42EC4 /* JSONManager.swift */; };
		67DDF41628EB28D100E42EC4 /* Assets.xcassets in Resources */ = {isa = PBXBuildFile; fileRef = 67DDF41528EB28D100E42EC4 /* Assets.xcassets */; };
		67DDF43928EB889500E42EC4 /* SectionCollectionView.swift in Sources */ = {isa = PBXBuildFile; fileRef = 67DDF43828EB889500E42EC4 /* SectionCollectionView.swift */; };
		67DDF43B28EB88AB00E42EC4 /* SectionCollectionViewCell.swift in Sources */ = {isa = PBXBuildFile; fileRef = 67DDF43A28EB88AB00E42EC4 /* SectionCollectionViewCell.swift */; };
		67DDF43D28EB8EFE00E42EC4 /* SectionCollectionViewCell.xib in Resources */ = {isa = PBXBuildFile; fileRef = 67DDF43C28EB8EFE00E42EC4 /* SectionCollectionViewCell.xib */; };
/* End PBXBuildFile section */

/* Begin PBXFileReference section */
		67170F4F28EC225F003A8000 /* SectionView.swift */ = {isa = PBXFileReference; lastKnownFileType = sourcecode.swift; path = SectionView.swift; sourceTree = "<group>"; };
		67170F5128EC431C003A8000 /* NetworkManager.swift */ = {isa = PBXFileReference; fileEncoding = 4; lastKnownFileType = sourcecode.swift; path = NetworkManager.swift; sourceTree = "<group>"; };
		67DDF3E728EAE96F00E42EC4 /* Healthy Food.app */ = {isa = PBXFileReference; explicitFileType = wrapper.application; includeInIndex = 0; path = "Healthy Food.app"; sourceTree = BUILT_PRODUCTS_DIR; };
		67DDF3EA28EAE96F00E42EC4 /* AppDelegate.swift */ = {isa = PBXFileReference; lastKnownFileType = sourcecode.swift; path = AppDelegate.swift; sourceTree = "<group>"; };
		67DDF3EC28EAE96F00E42EC4 /* SceneDelegate.swift */ = {isa = PBXFileReference; lastKnownFileType = sourcecode.swift; path = SceneDelegate.swift; sourceTree = "<group>"; };
		67DDF3EE28EAE96F00E42EC4 /* ViewController.swift */ = {isa = PBXFileReference; lastKnownFileType = sourcecode.swift; path = ViewController.swift; sourceTree = "<group>"; };
		67DDF3F128EAE96F00E42EC4 /* Base */ = {isa = PBXFileReference; lastKnownFileType = file.storyboard; name = Base; path = Base.lproj/Main.storyboard; sourceTree = "<group>"; };
		67DDF3F628EAE97400E42EC4 /* Base */ = {isa = PBXFileReference; lastKnownFileType = file.storyboard; name = Base; path = Base.lproj/LaunchScreen.storyboard; sourceTree = "<group>"; };
		67DDF3F828EAE97400E42EC4 /* Info.plist */ = {isa = PBXFileReference; lastKnownFileType = text.plist.xml; path = Info.plist; sourceTree = "<group>"; };
		67DDF40328EAEDBC00E42EC4 /* jsonviewer.json */ = {isa = PBXFileReference; fileEncoding = 4; lastKnownFileType = text.json; path = jsonviewer.json; sourceTree = "<group>"; };
		67DDF40828EAF66C00E42EC4 /* UIColor+hex.swift */ = {isa = PBXFileReference; fileEncoding = 4; lastKnownFileType = sourcecode.swift; path = "UIColor+hex.swift"; sourceTree = "<group>"; };
		67DDF40A28EB1D2800E42EC4 /* JSONResponse.swift */ = {isa = PBXFileReference; lastKnownFileType = sourcecode.swift; path = JSONResponse.swift; sourceTree = "<group>"; };
		67DDF40C28EB1E0800E42EC4 /* JSONManager.swift */ = {isa = PBXFileReference; lastKnownFileType = sourcecode.swift; path = JSONManager.swift; sourceTree = "<group>"; };
		67DDF41528EB28D100E42EC4 /* Assets.xcassets */ = {isa = PBXFileReference; lastKnownFileType = folder.assetcatalog; path = Assets.xcassets; sourceTree = "<group>"; };
		67DDF43828EB889500E42EC4 /* SectionCollectionView.swift */ = {isa = PBXFileReference; lastKnownFileType = sourcecode.swift; path = SectionCollectionView.swift; sourceTree = "<group>"; };
		67DDF43A28EB88AB00E42EC4 /* SectionCollectionViewCell.swift */ = {isa = PBXFileReference; lastKnownFileType = sourcecode.swift; path = SectionCollectionViewCell.swift; sourceTree = "<group>"; };
		67DDF43C28EB8EFE00E42EC4 /* SectionCollectionViewCell.xib */ = {isa = PBXFileReference; fileEncoding = 4; lastKnownFileType = file.xib; path = SectionCollectionViewCell.xib; sourceTree = "<group>"; };
/* End PBXFileReference section */

/* Begin PBXFrameworksBuildPhase section */
		67DDF3E428EAE96F00E42EC4 /* Frameworks */ = {
			isa = PBXFrameworksBuildPhase;
			buildActionMask = 2147483647;
			files = (
			);
			runOnlyForDeploymentPostprocessing = 0;
		};
/* End PBXFrameworksBuildPhase section */

/* Begin PBXGroup section */
		67DDF3DE28EAE96F00E42EC4 = {
			isa = PBXGroup;
			children = (
				67DDF3E928EAE96F00E42EC4 /* Healthy Food */,
				67DDF3E828EAE96F00E42EC4 /* Products */,
			);
			sourceTree = "<group>";
		};
		67DDF3E828EAE96F00E42EC4 /* Products */ = {
			isa = PBXGroup;
			children = (
				67DDF3E728EAE96F00E42EC4 /* Healthy Food.app */,
			);
			name = Products;
			sourceTree = "<group>";
		};
		67DDF3E928EAE96F00E42EC4 /* Healthy Food */ = {
			isa = PBXGroup;
			children = (
				67DDF40228EAED3100E42EC4 /* DataSource */,
				67DDF40728EAF65400E42EC4 /* Extensions */,
				67DDF40128EAED2700E42EC4 /* Services */,
				67DDF3FF28EAE98C00E42EC4 /* Models */,
				67DDF3FE28EAE97F00E42EC4 /* Views */,
				67DDF41028EB285100E42EC4 /* Storyboards */,
				67DDF41528EB28D100E42EC4 /* Assets.xcassets */,
				67DDF3F828EAE97400E42EC4 /* Info.plist */,
			);
			path = "Healthy Food";
			sourceTree = "<group>";
		};
		67DDF3FE28EAE97F00E42EC4 /* Views */ = {
			isa = PBXGroup;
			children = (
				67DDF43728EB886700E42EC4 /* SectionCollectionView */,
				67DDF3EA28EAE96F00E42EC4 /* AppDelegate.swift */,
				67170F4F28EC225F003A8000 /* SectionView.swift */,
				67DDF3EC28EAE96F00E42EC4 /* SceneDelegate.swift */,
				67DDF3EE28EAE96F00E42EC4 /* ViewController.swift */,
			);
			path = Views;
			sourceTree = "<group>";
		};
		67DDF3FF28EAE98C00E42EC4 /* Models */ = {
			isa = PBXGroup;
			children = (
				67DDF40A28EB1D2800E42EC4 /* JSONResponse.swift */,
			);
			path = Models;
			sourceTree = "<group>";
		};
		67DDF40128EAED2700E42EC4 /* Services */ = {
			isa = PBXGroup;
			children = (
				67170F5128EC431C003A8000 /* NetworkManager.swift */,
				67DDF40C28EB1E0800E42EC4 /* JSONManager.swift */,
			);
			path = Services;
			sourceTree = "<group>";
		};
		67DDF40228EAED3100E42EC4 /* DataSource */ = {
			isa = PBXGroup;
			children = (
				67DDF40328EAEDBC00E42EC4 /* jsonviewer.json */,
			);
			path = DataSource;
			sourceTree = "<group>";
		};
		67DDF40728EAF65400E42EC4 /* Extensions */ = {
			isa = PBXGroup;
			children = (
				67DDF40828EAF66C00E42EC4 /* UIColor+hex.swift */,
			);
			path = Extensions;
			sourceTree = "<group>";
		};
		67DDF41028EB285100E42EC4 /* Storyboards */ = {
			isa = PBXGroup;
			children = (
				67DDF3F528EAE97400E42EC4 /* LaunchScreen.storyboard */,
				67DDF3F028EAE96F00E42EC4 /* Main.storyboard */,
			);
			path = Storyboards;
			sourceTree = "<group>";
		};
		67DDF43728EB886700E42EC4 /* SectionCollectionView */ = {
			isa = PBXGroup;
			children = (
				67DDF43828EB889500E42EC4 /* SectionCollectionView.swift */,
				67DDF43C28EB8EFE00E42EC4 /* SectionCollectionViewCell.xib */,
				67DDF43A28EB88AB00E42EC4 /* SectionCollectionViewCell.swift */,
			);
			path = SectionCollectionView;
			sourceTree = "<group>";
		};
/* End PBXGroup section */

/* Begin PBXNativeTarget section */
		67DDF3E628EAE96F00E42EC4 /* Healthy Food */ = {
			isa = PBXNativeTarget;
			buildConfigurationList = 67DDF3FB28EAE97400E42EC4 /* Build configuration list for PBXNativeTarget "Healthy Food" */;
			buildPhases = (
				67DDF3E328EAE96F00E42EC4 /* Sources */,
				67DDF3E428EAE96F00E42EC4 /* Frameworks */,
				67DDF3E528EAE96F00E42EC4 /* Resources */,
			);
			buildRules = (
			);
			dependencies = (
			);
			name = "Healthy Food";
			productName = "Healthy Food";
			productReference = 67DDF3E728EAE96F00E42EC4 /* Healthy Food.app */;
			productType = "com.apple.product-type.application";
		};
/* End PBXNativeTarget section */

/* Begin PBXProject section */
		67DDF3DF28EAE96F00E42EC4 /* Project object */ = {
			isa = PBXProject;
			attributes = {
				BuildIndependentTargetsInParallel = 1;
				LastSwiftUpdateCheck = 1330;
				LastUpgradeCheck = 1330;
				TargetAttributes = {
					67DDF3E628EAE96F00E42EC4 = {
						CreatedOnToolsVersion = 13.3.1;
					};
				};
			};
			buildConfigurationList = 67DDF3E228EAE96F00E42EC4 /* Build configuration list for PBXProject "Healthy Food" */;
			compatibilityVersion = "Xcode 13.0";
			developmentRegion = en;
			hasScannedForEncodings = 0;
			knownRegions = (
				en,
				Base,
			);
			mainGroup = 67DDF3DE28EAE96F00E42EC4;
			productRefGroup = 67DDF3E828EAE96F00E42EC4 /* Products */;
			projectDirPath = "";
			projectRoot = "";
			targets = (
				67DDF3E628EAE96F00E42EC4 /* Healthy Food */,
			);
		};
/* End PBXProject section */

/* Begin PBXResourcesBuildPhase section */
		67DDF3E528EAE96F00E42EC4 /* Resources */ = {
			isa = PBXResourcesBuildPhase;
			buildActionMask = 2147483647;
			files = (
				67DDF41628EB28D100E42EC4 /* Assets.xcassets in Resources */,
				67DDF43D28EB8EFE00E42EC4 /* SectionCollectionViewCell.xib in Resources */,
				67DDF3F728EAE97400E42EC4 /* LaunchScreen.storyboard in Resources */,
				67DDF3F228EAE96F00E42EC4 /* Main.storyboard in Resources */,
				67DDF40428EAEDBC00E42EC4 /* jsonviewer.json in Resources */,
			);
			runOnlyForDeploymentPostprocessing = 0;
		};
/* End PBXResourcesBuildPhase section */

/* Begin PBXSourcesBuildPhase section */
		67DDF3E328EAE96F00E42EC4 /* Sources */ = {
			isa = PBXSourcesBuildPhase;
			buildActionMask = 2147483647;
			files = (
				67DDF3EF28EAE96F00E42EC4 /* ViewController.swift in Sources */,
				67DDF43928EB889500E42EC4 /* SectionCollectionView.swift in Sources */,
				67170F5228EC431C003A8000 /* NetworkManager.swift in Sources */,
				67170F5028EC225F003A8000 /* SectionView.swift in Sources */,
				67DDF40D28EB1E0800E42EC4 /* JSONManager.swift in Sources */,
				67DDF40928EAF66C00E42EC4 /* UIColor+hex.swift in Sources */,
				67DDF3EB28EAE96F00E42EC4 /* AppDelegate.swift in Sources */,
				67DDF40B28EB1D2800E42EC4 /* JSONResponse.swift in Sources */,
				67DDF43B28EB88AB00E42EC4 /* SectionCollectionViewCell.swift in Sources */,
				67DDF3ED28EAE96F00E42EC4 /* SceneDelegate.swift in Sources */,
			);
			runOnlyForDeploymentPostprocessing = 0;
		};
/* End PBXSourcesBuildPhase section */

/* Begin PBXVariantGroup section */
		67DDF3F028EAE96F00E42EC4 /* Main.storyboard */ = {
			isa = PBXVariantGroup;
			children = (
				67DDF3F128EAE96F00E42EC4 /* Base */,
			);
			name = Main.storyboard;
			sourceTree = "<group>";
		};
		67DDF3F528EAE97400E42EC4 /* LaunchScreen.storyboard */ = {
			isa = PBXVariantGroup;
			children = (
				67DDF3F628EAE97400E42EC4 /* Base */,
			);
			name = LaunchScreen.storyboard;
			sourceTree = "<group>";
		};
/* End PBXVariantGroup section */

/* Begin XCBuildConfiguration section */
		67DDF3F928EAE97400E42EC4 /* Debug */ = {
			isa = XCBuildConfiguration;
			buildSettings = {
				ALWAYS_SEARCH_USER_PATHS = NO;
				CLANG_ANALYZER_NONNULL = YES;
				CLANG_ANALYZER_NUMBER_OBJECT_CONVERSION = YES_AGGRESSIVE;
				CLANG_CXX_LANGUAGE_STANDARD = "gnu++17";
				CLANG_ENABLE_MODULES = YES;
				CLANG_ENABLE_OBJC_ARC = YES;
				CLANG_ENABLE_OBJC_WEAK = YES;
				CLANG_WARN_BLOCK_CAPTURE_AUTORELEASING = YES;
				CLANG_WARN_BOOL_CONVERSION = YES;
				CLANG_WARN_COMMA = YES;
				CLANG_WARN_CONSTANT_CONVERSION = YES;
				CLANG_WARN_DEPRECATED_OBJC_IMPLEMENTATIONS = YES;
				CLANG_WARN_DIRECT_OBJC_ISA_USAGE = YES_ERROR;
				CLANG_WARN_DOCUMENTATION_COMMENTS = YES;
				CLANG_WARN_EMPTY_BODY = YES;
				CLANG_WARN_ENUM_CONVERSION = YES;
				CLANG_WARN_INFINITE_RECURSION = YES;
				CLANG_WARN_INT_CONVERSION = YES;
				CLANG_WARN_NON_LITERAL_NULL_CONVERSION = YES;
				CLANG_WARN_OBJC_IMPLICIT_RETAIN_SELF = YES;
				CLANG_WARN_OBJC_LITERAL_CONVERSION = YES;
				CLANG_WARN_OBJC_ROOT_CLASS = YES_ERROR;
				CLANG_WARN_QUOTED_INCLUDE_IN_FRAMEWORK_HEADER = YES;
				CLANG_WARN_RANGE_LOOP_ANALYSIS = YES;
				CLANG_WARN_STRICT_PROTOTYPES = YES;
				CLANG_WARN_SUSPICIOUS_MOVE = YES;
				CLANG_WARN_UNGUARDED_AVAILABILITY = YES_AGGRESSIVE;
				CLANG_WARN_UNREACHABLE_CODE = YES;
				CLANG_WARN__DUPLICATE_METHOD_MATCH = YES;
				COPY_PHASE_STRIP = NO;
				DEBUG_INFORMATION_FORMAT = dwarf;
				ENABLE_STRICT_OBJC_MSGSEND = YES;
				ENABLE_TESTABILITY = YES;
				GCC_C_LANGUAGE_STANDARD = gnu11;
				GCC_DYNAMIC_NO_PIC = NO;
				GCC_NO_COMMON_BLOCKS = YES;
				GCC_OPTIMIZATION_LEVEL = 0;
				GCC_PREPROCESSOR_DEFINITIONS = (
					"DEBUG=1",
					"$(inherited)",
				);
				GCC_WARN_64_TO_32_BIT_CONVERSION = YES;
				GCC_WARN_ABOUT_RETURN_TYPE = YES_ERROR;
				GCC_WARN_UNDECLARED_SELECTOR = YES;
				GCC_WARN_UNINITIALIZED_AUTOS = YES_AGGRESSIVE;
				GCC_WARN_UNUSED_FUNCTION = YES;
				GCC_WARN_UNUSED_VARIABLE = YES;
				IPHONEOS_DEPLOYMENT_TARGET = 15.4;
				MTL_ENABLE_DEBUG_INFO = INCLUDE_SOURCE;
				MTL_FAST_MATH = YES;
				ONLY_ACTIVE_ARCH = YES;
				SDKROOT = iphoneos;
				SWIFT_ACTIVE_COMPILATION_CONDITIONS = DEBUG;
				SWIFT_OPTIMIZATION_LEVEL = "-Onone";
			};
			name = Debug;
		};
		67DDF3FA28EAE97400E42EC4 /* Release */ = {
			isa = XCBuildConfiguration;
			buildSettings = {
				ALWAYS_SEARCH_USER_PATHS = NO;
				CLANG_ANALYZER_NONNULL = YES;
				CLANG_ANALYZER_NUMBER_OBJECT_CONVERSION = YES_AGGRESSIVE;
				CLANG_CXX_LANGUAGE_STANDARD = "gnu++17";
				CLANG_ENABLE_MODULES = YES;
				CLANG_ENABLE_OBJC_ARC = YES;
				CLANG_ENABLE_OBJC_WEAK = YES;
				CLANG_WARN_BLOCK_CAPTURE_AUTORELEASING = YES;
				CLANG_WARN_BOOL_CONVERSION = YES;
				CLANG_WARN_COMMA = YES;
				CLANG_WARN_CONSTANT_CONVERSION = YES;
				CLANG_WARN_DEPRECATED_OBJC_IMPLEMENTATIONS = YES;
				CLANG_WARN_DIRECT_OBJC_ISA_USAGE = YES_ERROR;
				CLANG_WARN_DOCUMENTATION_COMMENTS = YES;
				CLANG_WARN_EMPTY_BODY = YES;
				CLANG_WARN_ENUM_CONVERSION = YES;
				CLANG_WARN_INFINITE_RECURSION = YES;
				CLANG_WARN_INT_CONVERSION = YES;
				CLANG_WARN_NON_LITERAL_NULL_CONVERSION = YES;
				CLANG_WARN_OBJC_IMPLICIT_RETAIN_SELF = YES;
				CLANG_WARN_OBJC_LITERAL_CONVERSION = YES;
				CLANG_WARN_OBJC_ROOT_CLASS = YES_ERROR;
				CLANG_WARN_QUOTED_INCLUDE_IN_FRAMEWORK_HEADER = YES;
				CLANG_WARN_RANGE_LOOP_ANALYSIS = YES;
				CLANG_WARN_STRICT_PROTOTYPES = YES;
				CLANG_WARN_SUSPICIOUS_MOVE = YES;
				CLANG_WARN_UNGUARDED_AVAILABILITY = YES_AGGRESSIVE;
				CLANG_WARN_UNREACHABLE_CODE = YES;
				CLANG_WARN__DUPLICATE_METHOD_MATCH = YES;
				COPY_PHASE_STRIP = NO;
				DEBUG_INFORMATION_FORMAT = "dwarf-with-dsym";
				ENABLE_NS_ASSERTIONS = NO;
				ENABLE_STRICT_OBJC_MSGSEND = YES;
				GCC_C_LANGUAGE_STANDARD = gnu11;
				GCC_NO_COMMON_BLOCKS = YES;
				GCC_WARN_64_TO_32_BIT_CONVERSION = YES;
				GCC_WARN_ABOUT_RETURN_TYPE = YES_ERROR;
				GCC_WARN_UNDECLARED_SELECTOR = YES;
				GCC_WARN_UNINITIALIZED_AUTOS = YES_AGGRESSIVE;
				GCC_WARN_UNUSED_FUNCTION = YES;
				GCC_WARN_UNUSED_VARIABLE = YES;
				IPHONEOS_DEPLOYMENT_TARGET = 15.4;
				MTL_ENABLE_DEBUG_INFO = NO;
				MTL_FAST_MATH = YES;
				SDKROOT = iphoneos;
				SWIFT_COMPILATION_MODE = wholemodule;
				SWIFT_OPTIMIZATION_LEVEL = "-O";
				VALIDATE_PRODUCT = YES;
			};
			name = Release;
		};
		67DDF3FC28EAE97400E42EC4 /* Debug */ = {
			isa = XCBuildConfiguration;
			buildSettings = {
				ASSETCATALOG_COMPILER_APPICON_NAME = AppIcon;
				CODE_SIGN_STYLE = Automatic;
				CURRENT_PROJECT_VERSION = 1;
				DEVELOPMENT_TEAM = 67A656CXMY;
				GENERATE_INFOPLIST_FILE = YES;
				INFOPLIST_FILE = "Healthy Food/Info.plist";
				INFOPLIST_KEY_UIApplicationSupportsIndirectInputEvents = YES;
				INFOPLIST_KEY_UILaunchStoryboardName = LaunchScreen;
				INFOPLIST_KEY_UIMainStoryboardFile = Main;
				INFOPLIST_KEY_UISupportedInterfaceOrientations = UIInterfaceOrientationPortrait;
				LD_RUNPATH_SEARCH_PATHS = (
					"$(inherited)",
					"@executable_path/Frameworks",
				);
				MARKETING_VERSION = 1.0;
				PRODUCT_BUNDLE_IDENTIFIER = "Kyzu.Healthy-Food";
				PRODUCT_NAME = "$(TARGET_NAME)";
				SWIFT_EMIT_LOC_STRINGS = YES;
				SWIFT_VERSION = 5.0;
				TARGETED_DEVICE_FAMILY = 1;
			};
			name = Debug;
		};
		67DDF3FD28EAE97400E42EC4 /* Release */ = {
			isa = XCBuildConfiguration;
			buildSettings = {
				ASSETCATALOG_COMPILER_APPICON_NAME = AppIcon;
				CODE_SIGN_STYLE = Automatic;
				CURRENT_PROJECT_VERSION = 1;
				DEVELOPMENT_TEAM = 67A656CXMY;
				GENERATE_INFOPLIST_FILE = YES;
				INFOPLIST_FILE = "Healthy Food/Info.plist";
				INFOPLIST_KEY_UIApplicationSupportsIndirectInputEvents = YES;
				INFOPLIST_KEY_UILaunchStoryboardName = LaunchScreen;
				INFOPLIST_KEY_UIMainStoryboardFile = Main;
				INFOPLIST_KEY_UISupportedInterfaceOrientations = UIInterfaceOrientationPortrait;
				LD_RUNPATH_SEARCH_PATHS = (
					"$(inherited)",
					"@executable_path/Frameworks",
				);
				MARKETING_VERSION = 1.0;
				PRODUCT_BUNDLE_IDENTIFIER = "Kyzu.Healthy-Food";
				PRODUCT_NAME = "$(TARGET_NAME)";
				SWIFT_EMIT_LOC_STRINGS = YES;
				SWIFT_VERSION = 5.0;
				TARGETED_DEVICE_FAMILY = 1;
			};
			name = Release;
		};
/* End XCBuildConfiguration section */

/* Begin XCConfigurationList section */
		67DDF3E228EAE96F00E42EC4 /* Build configuration list for PBXProject "Healthy Food" */ = {
			isa = XCConfigurationList;
			buildConfigurations = (
				67DDF3F928EAE97400E42EC4 /* Debug */,
				67DDF3FA28EAE97400E42EC4 /* Release */,
			);
			defaultConfigurationIsVisible = 0;
			defaultConfigurationName = Release;
		};
		67DDF3FB28EAE97400E42EC4 /* Build configuration list for PBXNativeTarget "Healthy Food" */ = {
			isa = XCConfigurationList;
			buildConfigurations = (
				67DDF3FC28EAE97400E42EC4 /* Debug */,
				67DDF3FD28EAE97400E42EC4 /* Release */,
			);
			defaultConfigurationIsVisible = 0;
			defaultConfigurationName = Release;
		};
/* End XCConfigurationList section */
	};
	rootObject = 67DDF3DF28EAE96F00E42EC4 /* Project object */;
}
